
Microsoft Visual Studio Solution File, Format Version 12.00
# Visual Studio Version 16
VisualStudioVersion = 16.0.30621.155
MinimumVisualStudioVersion = 10.0.40219.1
Project("{FAE04EC0-301F-11D3-BF4B-00C04F79EFBC}") = "TKDataPatcher", "TKDataPatcher\TKDataPatcher.csproj", "{AC6EFC91-0DCE-44FF-BE59-4EFBA6C693DC}"
EndProject
Global
	GlobalSection(SolutionConfigurationPlatforms) = preSolution
		Debug|Any CPU = Debug|Any CPU
		Release|Any CPU = Release|Any CPU
	EndGlobalSection
	GlobalSection(ProjectConfigurationPlatforms) = postSolution
		{AC6EFC91-0DCE-44FF-BE59-4EFBA6C693DC}.Debug|Any CPU.ActiveCfg = Debug|Any CPU
		{AC6EFC91-0DCE-44FF-BE59-4EFBA6C693DC}.Debug|Any CPU.Build.0 = Debug|Any CPU
		{AC6EFC91-0DCE-44FF-BE59-4EFBA6C693DC}.Release|Any CPU.ActiveCfg = Release|Any CPU
		{AC6EFC91-0DCE-44FF-BE59-4EFBA6C693DC}.Release|Any CPU.Build.0 = Release|Any CPU
	EndGlobalSection
	GlobalSection(SolutionProperties) = preSolution
		HideSolutionNode = FALSE
	EndGlobalSection
	GlobalSection(ExtensibilityGlobals) = postSolution
		SolutionGuid = {354FBBCF-DB85-4F7E-9D55-4F37566F4D25}
	EndGlobalSection
EndGlobal
